
Microsoft Visual Studio Solution File, Format Version 12.00
Project("{FAE04EC0-301F-11D3-BF4B-00C04F79EFBC}") = "AzisFood.DataEngine.Mongo", "AzisFood.DataEngine.Mongo\AzisFood.DataEngine.Mongo.csproj", "{0C896256-B5B6-49A5-8760-998841894850}"
EndProject
Project("{FAE04EC0-301F-11D3-BF4B-00C04F79EFBC}") = "AzisFood.DataEngine.Abstractions", "AzisFood.DataEngine.Abstractions\AzisFood.DataEngine.Abstractions.csproj", "{5B646926-21B4-4CD3-9D46-34E1D92A0315}"
EndProject
Global
	GlobalSection(SolutionConfigurationPlatforms) = preSolution
		Debug|Any CPU = Debug|Any CPU
		Release|Any CPU = Release|Any CPU
	EndGlobalSection
	GlobalSection(ProjectConfigurationPlatforms) = postSolution
		{0C896256-B5B6-49A5-8760-998841894850}.Debug|Any CPU.ActiveCfg = Debug|Any CPU
		{0C896256-B5B6-49A5-8760-998841894850}.Debug|Any CPU.Build.0 = Debug|Any CPU
		{0C896256-B5B6-49A5-8760-998841894850}.Release|Any CPU.ActiveCfg = Release|Any CPU
		{0C896256-B5B6-49A5-8760-998841894850}.Release|Any CPU.Build.0 = Release|Any CPU
		{5B646926-21B4-4CD3-9D46-34E1D92A0315}.Debug|Any CPU.ActiveCfg = Debug|Any CPU
		{5B646926-21B4-4CD3-9D46-34E1D92A0315}.Debug|Any CPU.Build.0 = Debug|Any CPU
		{5B646926-21B4-4CD3-9D46-34E1D92A0315}.Release|Any CPU.ActiveCfg = Release|Any CPU
		{5B646926-21B4-4CD3-9D46-34E1D92A0315}.Release|Any CPU.Build.0 = Release|Any CPU
	EndGlobalSection
EndGlobal
